
Microsoft Visual Studio Solution File, Format Version 12.00
# Visual Studio 15
VisualStudioVersion = 15.0.28307.136
MinimumVisualStudioVersion = 10.0.40219.1
Project("{FAE04EC0-301F-11D3-BF4B-00C04F79EFBC}") = "ParkUIApp1", "WindowsFormsApp1\ParkUIApp1.csproj", "{434C0529-1602-42F4-9796-D939B734E1D8}"
EndProject
Project("{8BC9CEB8-8B4A-11D0-8D11-00A0C91BC942}") = "PAServer", "PAServer\PAServer.vcxproj", "{740A2F1E-C2C9-4C45-A334-2047727FDB48}"
EndProject
Global
	GlobalSection(SolutionConfigurationPlatforms) = preSolution
		Debug|Any CPU = Debug|Any CPU
		Debug|x64 = Debug|x64
		Debug|x86 = Debug|x86
		Release|Any CPU = Release|Any CPU
		Release|x64 = Release|x64
		Release|x86 = Release|x86
	EndGlobalSection
	GlobalSection(ProjectConfigurationPlatforms) = postSolution
		{434C0529-1602-42F4-9796-D939B734E1D8}.Debug|Any CPU.ActiveCfg = Debug|Any CPU
		{434C0529-1602-42F4-9796-D939B734E1D8}.Debug|Any CPU.Build.0 = Debug|Any CPU
		{434C0529-1602-42F4-9796-D939B734E1D8}.Debug|x64.ActiveCfg = Debug|Any CPU
		{434C0529-1602-42F4-9796-D939B734E1D8}.Debug|x64.Build.0 = Debug|Any CPU
		{434C0529-1602-42F4-9796-D939B734E1D8}.Debug|x86.ActiveCfg = Debug|Any CPU
		{434C0529-1602-42F4-9796-D939B734E1D8}.Debug|x86.Build.0 = Debug|Any CPU
		{434C0529-1602-42F4-9796-D939B734E1D8}.Release|Any CPU.ActiveCfg = Release|Any CPU
		{434C0529-1602-42F4-9796-D939B734E1D8}.Release|Any CPU.Build.0 = Release|Any CPU
		{434C0529-1602-42F4-9796-D939B734E1D8}.Release|x64.ActiveCfg = Release|Any CPU
		{434C0529-1602-42F4-9796-D939B734E1D8}.Release|x64.Build.0 = Release|Any CPU
		{434C0529-1602-42F4-9796-D939B734E1D8}.Release|x86.ActiveCfg = Release|Any CPU
		{434C0529-1602-42F4-9796-D939B734E1D8}.Release|x86.Build.0 = Release|Any CPU
		{740A2F1E-C2C9-4C45-A334-2047727FDB48}.Debug|Any CPU.ActiveCfg = Debug|Win32
		{740A2F1E-C2C9-4C45-A334-2047727FDB48}.Debug|x64.ActiveCfg = Debug|x64
		{740A2F1E-C2C9-4C45-A334-2047727FDB48}.Debug|x64.Build.0 = Debug|x64
		{740A2F1E-C2C9-4C45-A334-2047727FDB48}.Debug|x86.ActiveCfg = Debug|Win32
		{740A2F1E-C2C9-4C45-A334-2047727FDB48}.Debug|x86.Build.0 = Debug|Win32
		{740A2F1E-C2C9-4C45-A334-2047727FDB48}.Release|Any CPU.ActiveCfg = Release|Win32
		{740A2F1E-C2C9-4C45-A334-2047727FDB48}.Release|x64.ActiveCfg = Release|x64
		{740A2F1E-C2C9-4C45-A334-2047727FDB48}.Release|x64.Build.0 = Release|x64
		{740A2F1E-C2C9-4C45-A334-2047727FDB48}.Release|x86.ActiveCfg = Release|Win32
		{740A2F1E-C2C9-4C45-A334-2047727FDB48}.Release|x86.Build.0 = Release|Win32
	EndGlobalSection
	GlobalSection(SolutionProperties) = preSolution
		HideSolutionNode = FALSE
	EndGlobalSection
	GlobalSection(ExtensibilityGlobals) = postSolution
		SolutionGuid = {E79C2AB4-21E7-4B9D-931C-2CA2AFEC678F}
	EndGlobalSection
EndGlobal
